
Microsoft Visual Studio Solution File, Format Version 11.00
# Visual Studio 2010
Project("{8BC9CEB8-8B4A-11D0-8D11-00A0C91BC942}") = "BlockingQueue", "BlockingQueue.vcxproj", "{70035546-4FB6-41D6-A408-0FA05C88DCE1}"
EndProject
Global
	GlobalSection(SolutionConfigurationPlatforms) = preSolution
		Debug|Win32 = Debug|Win32
		Release|Win32 = Release|Win32
	EndGlobalSection
	GlobalSection(ProjectConfigurationPlatforms) = postSolution
		{70035546-4FB6-41D6-A408-0FA05C88DCE1}.Debug|Win32.ActiveCfg = Debug|Win32
		{70035546-4FB6-41D6-A408-0FA05C88DCE1}.Debug|Win32.Build.0 = Debug|Win32
		{70035546-4FB6-41D6-A408-0FA05C88DCE1}.Release|Win32.ActiveCfg = Release|Win32
		{70035546-4FB6-41D6-A408-0FA05C88DCE1}.Release|Win32.Build.0 = Release|Win32
	EndGlobalSection
	GlobalSection(SolutionProperties) = preSolution
		HideSolutionNode = FALSE
	EndGlobalSection
EndGlobal
